lockfileVersion: 5.4

specifiers:
  '@types/chrome': ^0.0.203
  '@types/request': ^2.48.8
  esbuild: ^0.17.5

dependencies:
  '@types/request': 2.48.8

devDependencies:
  '@types/chrome': 0.0.203
  esbuild: 0.17.5

packages:

  /@esbuild/android-arm/0.17.5:
    resolution: {integrity: sha512-crmPUzgCmF+qZXfl1YkiFoUta2XAfixR1tEnr/gXIixE+WL8Z0BGqfydP5oox0EUOgQMMRgtATtakyAcClQVqQ==}
    engines: {node: '>=12'}
    cpu: [arm]
    os: [android]
    requiresBuild: true
    dev: true
    optional: true

  /@esbuild/android-arm64/0.17.5:
    resolution: {integrity: sha512-KHWkDqYAMmKZjY4RAN1PR96q6UOtfkWlTS8uEwWxdLtkRt/0F/csUhXIrVfaSIFxnscIBMPynGfhsMwQDRIBQw==}
    engines: {node: '>=12'}
    cpu: [arm64]
    os: [android]
    requiresBuild: true
    dev: true
    optional: true

  /@esbuild/android-x64/0.17.5:
    resolution: {integrity: sha512-8fI/AnIdmWz/+1iza2WrCw8kwXK9wZp/yZY/iS8ioC+U37yJCeppi9EHY05ewJKN64ASoBIseufZROtcFnX5GA==}
    engines: {node: '>=12'}
    cpu: [x64]
    os: [android]
    requiresBuild: true
    dev: true
    optional: true

  /@esbuild/darwin-arm64/0.17.5:
    resolution: {integrity: sha512-EAvaoyIySV6Iif3NQCglUNpnMfHSUgC5ugt2efl3+QDntucJe5spn0udNZjTgNi6tKVqSceOw9tQ32liNZc1Xw==}
    engines: {node: '>=12'}
    cpu: [arm64]
    os: [darwin]
    requiresBuild: true
    dev: true
    optional: true

  /@esbuild/darwin-x64/0.17.5:
    resolution: {integrity: sha512-ha7QCJh1fuSwwCgoegfdaljowwWozwTDjBgjD3++WAy/qwee5uUi1gvOg2WENJC6EUyHBOkcd3YmLDYSZ2TPPA==}
    engines: {node: '>=12'}
    cpu: [x64]
    os: [darwin]
    requiresBuild: true
    dev: true
    optional: true

  /@esbuild/freebsd-arm64/0.17.5:
    resolution: {integrity: sha512-VbdXJkn2aI2pQ/wxNEjEcnEDwPpxt3CWWMFYmO7CcdFBoOsABRy2W8F3kjbF9F/pecEUDcI3b5i2w+By4VQFPg==}
    engines: {node: '>=12'}
    cpu: [arm64]
    os: [freebsd]
    requiresBuild: true
    dev: true
    optional: true

  /@esbuild/freebsd-x64/0.17.5:
    resolution: {integrity: sha512-olgGYND1/XnnWxwhjtY3/ryjOG/M4WfcA6XH8dBTH1cxMeBemMODXSFhkw71Kf4TeZFFTN25YOomaNh0vq2iXg==}
    engines: {node: '>=12'}
    cpu: [x64]
    os: [freebsd]
    requiresBuild: true
    dev: true
    optional: true

  /@esbuild/linux-arm/0.17.5:
    resolution: {integrity: sha512-YBdCyQwA3OQupi6W2/WO4FnI+NWFWe79cZEtlbqSESOHEg7a73htBIRiE6uHPQe7Yp5E4aALv+JxkRLGEUL7tw==}
    engines: {node: '>=12'}
    cpu: [arm]
    os: [linux]
    requiresBuild: true
    dev: true
    optional: true

  /@esbuild/linux-arm64/0.17.5:
    resolution: {integrity: sha512-8a0bqSwu3OlLCfu2FBbDNgQyBYdPJh1B9PvNX7jMaKGC9/KopgHs37t+pQqeMLzcyRqG6z55IGNQAMSlCpBuqg==}
    engines: {node: '>=12'}
    cpu: [arm64]
    os: [linux]
    requiresBuild: true
    dev: true
    optional: true

  /@esbuild/linux-ia32/0.17.5:
    resolution: {integrity: sha512-uCwm1r/+NdP7vndctgq3PoZrnmhmnecWAr114GWMRwg2QMFFX+kIWnp7IO220/JLgnXK/jP7VKAFBGmeOYBQYQ==}
    engines: {node: '>=12'}
    cpu: [ia32]
    os: [linux]
    requiresBuild: true
    dev: true
    optional: true

  /@esbuild/linux-loong64/0.17.5:
    resolution: {integrity: sha512-3YxhSBl5Sb6TtBjJu+HP93poBruFzgXmf3PVfIe4xOXMj1XpxboYZyw3W8BhoX/uwxzZz4K1I99jTE/5cgDT1g==}
    engines: {node: '>=12'}
    cpu: [loong64]
    os: [linux]
    requiresBuild: true
    dev: true
    optional: true

  /@esbuild/linux-mips64el/0.17.5:
    resolution: {integrity: sha512-Hy5Z0YVWyYHdtQ5mfmfp8LdhVwGbwVuq8mHzLqrG16BaMgEmit2xKO+iDakHs+OetEx0EN/2mUzDdfdktI+Nmg==}
    engines: {node: '>=12'}
    cpu: [mips64el]
    os: [linux]
    requiresBuild: true
    dev: true
    optional: true

  /@esbuild/linux-ppc64/0.17.5:
    resolution: {integrity: sha512-5dbQvBLbU/Y3Q4ABc9gi23hww1mQcM7KZ9KBqabB7qhJswYMf8WrDDOSw3gdf3p+ffmijMd28mfVMvFucuECyg==}
    engines: {node: '>=12'}
    cpu: [ppc64]
    os: [linux]
    requiresBuild: true
    dev: true
    optional: true

  /@esbuild/linux-riscv64/0.17.5:
    resolution: {integrity: sha512-fp/KUB/ZPzEWGTEUgz9wIAKCqu7CjH1GqXUO2WJdik1UNBQ7Xzw7myIajpxztE4Csb9504ERiFMxZg5KZ6HlZQ==}
    engines: {node: '>=12'}
    cpu: [riscv64]
    os: [linux]
    requiresBuild: true
    dev: true
    optional: true

  /@esbuild/linux-s390x/0.17.5:
    resolution: {integrity: sha512-kRV3yw19YDqHTp8SfHXfObUFXlaiiw4o2lvT1XjsPZ++22GqZwSsYWJLjMi1Sl7j9qDlDUduWDze/nQx0d6Lzw==}
    engines: {node: '>=12'}
    cpu: [s390x]
    os: [linux]
    requiresBuild: true
    dev: true
    optional: true

  /@esbuild/linux-x64/0.17.5:
    resolution: {integrity: sha512-vnxuhh9e4pbtABNLbT2ANW4uwQ/zvcHRCm1JxaYkzSehugoFd5iXyC4ci1nhXU13mxEwCnrnTIiiSGwa/uAF1g==}
    engines: {node: '>=12'}
    cpu: [x64]
    os: [linux]
    requiresBuild: true
    dev: true
    optional: true

  /@esbuild/netbsd-x64/0.17.5:
    resolution: {integrity: sha512-cigBpdiSx/vPy7doUyImsQQBnBjV5f1M99ZUlaJckDAJjgXWl6y9W17FIfJTy8TxosEF6MXq+fpLsitMGts2nA==}
    engines: {node: '>=12'}
    cpu: [x64]
    os: [netbsd]
    requiresBuild: true
    dev: true
    optional: true

  /@esbuild/openbsd-x64/0.17.5:
    resolution: {integrity: sha512-VdqRqPVIjjZfkf40LrqOaVuhw9EQiAZ/GNCSM2UplDkaIzYVsSnycxcFfAnHdWI8Gyt6dO15KHikbpxwx+xHbw==}
    engines: {node: '>=12'}
    cpu: [x64]
    os: [openbsd]
    requiresBuild: true
    dev: true
    optional: true

  /@esbuild/sunos-x64/0.17.5:
    resolution: {integrity: sha512-ItxPaJ3MBLtI4nK+mALLEoUs6amxsx+J1ibnfcYMkqaCqHST1AkF4aENpBehty3czqw64r/XqL+W9WqU6kc2Qw==}
    engines: {node: '>=12'}
    cpu: [x64]
    os: [sunos]
    requiresBuild: true
    dev: true
    optional: true

  /@esbuild/win32-arm64/0.17.5:
    resolution: {integrity: sha512-4u2Q6qsJTYNFdS9zHoAi80spzf78C16m2wla4eJPh4kSbRv+BpXIfl6TmBSWupD8e47B1NrTfrOlEuco7mYQtg==}
    engines: {node: '>=12'}
    cpu: [arm64]
    os: [win32]
    requiresBuild: true
    dev: true
    optional: true

  /@esbuild/win32-ia32/0.17.5:
    resolution: {integrity: sha512-KYlm+Xu9TXsfTWAcocLuISRtqxKp/Y9ZBVg6CEEj0O5J9mn7YvBKzAszo2j1ndyzUPk+op+Tie2PJeN+BnXGqQ==}
    engines: {node: '>=12'}
    cpu: [ia32]
    os: [win32]
    requiresBuild: true
    dev: true
    optional: true

  /@esbuild/win32-x64/0.17.5:
    resolution: {integrity: sha512-XgA9qWRqby7xdYXuF6KALsn37QGBMHsdhmnpjfZtYxKxbTOwfnDM6MYi2WuUku5poNaX2n9XGVr20zgT/2QwCw==}
    engines: {node: '>=12'}
    cpu: [x64]
    os: [win32]
    requiresBuild: true
    dev: true
    optional: true

  /@types/caseless/0.12.2:
    resolution: {integrity: sha512-6ckxMjBBD8URvjB6J3NcnuAn5Pkl7t3TizAg+xdlzzQGSPSmBcXf8KoIH0ua/i+tio+ZRUHEXp0HEmvaR4kt0w==}
    dev: false

  /@types/chrome/0.0.203:
    resolution: {integrity: sha512-JlQNebwpBETVc8U1Rr2inDFuOTtn0lahRAhnddx1dd0S5RrLAFJEEsyIu7AXI14mkCgSunksnuLGioH8kvBqRA==}
    dependencies:
      '@types/filesystem': 0.0.32
      '@types/har-format': 1.2.9
    dev: true

  /@types/filesystem/0.0.32:
    resolution: {integrity: sha512-Yuf4jR5YYMR2DVgwuCiP11s0xuVRyPKmz8vo6HBY3CGdeMj8af93CFZX+T82+VD1+UqHOxTq31lO7MI7lepBtQ==}
    dependencies:
      '@types/filewriter': 0.0.29
    dev: true

  /@types/filewriter/0.0.29:
    resolution: {integrity: sha512-BsPXH/irW0ht0Ji6iw/jJaK8Lj3FJemon2gvEqHKpCdDCeemHa+rI3WBGq5z7cDMZgoLjY40oninGxqk+8NzNQ==}
    dev: true

  /@types/har-format/1.2.9:
    resolution: {integrity: sha512-rffW6MhQ9yoa75bdNi+rjZBAvu2HhehWJXlhuWXnWdENeuKe82wUgAwxYOb7KRKKmxYN+D/iRKd2NDQMLqlUmg==}
    dev: true

  /@types/node/18.14.0:
    resolution: {integrity: sha512-5EWrvLmglK+imbCJY0+INViFWUHg1AHel1sq4ZVSfdcNqGy9Edv3UB9IIzzg+xPaUcAgZYcfVs2fBcwDeZzU0A==}
    dev: false

  /@types/request/2.48.8:
    resolution: {integrity: sha512-whjk1EDJPcAR2kYHRbFl/lKeeKYTi05A15K9bnLInCVroNDCtXce57xKdI0/rQaA3K+6q0eFyUBPmqfSndUZdQ==}
    dependencies:
      '@types/caseless': 0.12.2
      '@types/node': 18.14.0
      '@types/tough-cookie': 4.0.2
      form-data: 2.5.1
    dev: false

  /@types/tough-cookie/4.0.2:
    resolution: {integrity: sha512-Q5vtl1W5ue16D+nIaW8JWebSSraJVlK+EthKn7e7UcD4KWsaSJ8BqGPXNaPghgtcn/fhvrN17Tv8ksUsQpiplw==}
    dev: false

  /asynckit/0.4.0:
    resolution: {integrity: sha512-Oei9OH4tRh0YqU3GxhX79dM/mwVgvbZJaSNaRk+bshkj0S5cfHcgYakreBjrHwatXKbz+IoIdYLxrKim2MjW0Q==}
    dev: false

  /combined-stream/1.0.8:
    resolution: {integrity: sha512-FQN4MRfuJeHf7cBbBMJFXhKSDq+2kAArBlmRBvcvFE5BB1HZKXtSFASDhdlz9zOYwxh8lDdnvmMOe/+5cdoEdg==}
    engines: {node: '>= 0.8'}
    dependencies:
      delayed-stream: 1.0.0
    dev: false

  /delayed-stream/1.0.0:
    resolution: {integrity: sha512-ZySD7Nf91aLB0RxL4KGrKHBXl7Eds1DAmEdcoVawXnLD7SDhpNgtuII2aAkg7a7QS41jxPSZ17p4VdGnMHk3MQ==}
    engines: {node: '>=0.4.0'}
    dev: false

  /esbuild/0.17.5:
    resolution: {integrity: sha512-Bu6WLCc9NMsNoMJUjGl3yBzTjVLXdysMltxQWiLAypP+/vQrf+3L1Xe8fCXzxaECus2cEJ9M7pk4yKatEwQMqQ==}
    engines: {node: '>=12'}
    hasBin: true
    requiresBuild: true
    optionalDependencies:
      '@esbuild/android-arm': 0.17.5
      '@esbuild/android-arm64': 0.17.5
      '@esbuild/android-x64': 0.17.5
      '@esbuild/darwin-arm64': 0.17.5
      '@esbuild/darwin-x64': 0.17.5
      '@esbuild/freebsd-arm64': 0.17.5
      '@esbuild/freebsd-x64': 0.17.5
      '@esbuild/linux-arm': 0.17.5
      '@esbuild/linux-arm64': 0.17.5
      '@esbuild/linux-ia32': 0.17.5
      '@esbuild/linux-loong64': 0.17.5
      '@esbuild/linux-mips64el': 0.17.5
      '@esbuild/linux-ppc64': 0.17.5
      '@esbuild/linux-riscv64': 0.17.5
      '@esbuild/linux-s390x': 0.17.5
      '@esbuild/linux-x64': 0.17.5
      '@esbuild/netbsd-x64': 0.17.5
      '@esbuild/openbsd-x64': 0.17.5
      '@esbuild/sunos-x64': 0.17.5
      '@esbuild/win32-arm64': 0.17.5
      '@esbuild/win32-ia32': 0.17.5
      '@esbuild/win32-x64': 0.17.5
    dev: true

  /form-data/2.5.1:
    resolution: {integrity: sha512-m21N3WOmEEURgk6B9GLOE4RuWOFf28Lhh9qGYeNlGq4VDXUlJy2th2slBNU8Gp8EzloYZOibZJ7t5ecIrFSjVA==}
    engines: {node: '>= 0.12'}
    dependencies:
      asynckit: 0.4.0
      combined-stream: 1.0.8
      mime-types: 2.1.35
    dev: false

  /mime-db/1.52.0:
    resolution: {integrity: sha512-sPU4uV7dYlvtWJxwwxHD0PuihVNiE7TyAbQ5SWxDCB9mUYvOgroQOwYQQOKPJ8CIbE+1ETVlOoK1UC2nU3gYvg==}
    engines: {node: '>= 0.6'}
    dev: false

  /mime-types/2.1.35:
    resolution: {integrity: sha512-ZDY+bPm5zTTF+YpCrAU9nK0UgICYPT0QtT1NZWFv4s++TNkcgVaT0g6+4R2uI4MjQjzysHB1zxuWL50hzaeXiw==}
    engines: {node: '>= 0.6'}
    dependencies:
      mime-db: 1.52.0
    dev: false
